
Microsoft Visual Studio Solution File, Format Version 12.00
# Visual Studio Version 17
VisualStudioVersion = 17.8.34322.80
MinimumVisualStudioVersion = 10.0.40219.1
Project("{FAE04EC0-301F-11D3-BF4B-00C04F79EFBC}") = "CourseProject", "Temp\CourseProject.csproj", "{BDF3AD55-553D-46C2-8ACC-E17510C6719C}"
EndProject
Global
	GlobalSection(SolutionConfigurationPlatforms) = preSolution
		Debug|Any CPU = Debug|Any CPU
		Release|Any CPU = Release|Any CPU
	EndGlobalSection
	GlobalSection(ProjectConfigurationPlatforms) = postSolution
		{BDF3AD55-553D-46C2-8ACC-E17510C6719C}.Debug|Any CPU.ActiveCfg = Debug|Any CPU
		{BDF3AD55-553D-46C2-8ACC-E17510C6719C}.Debug|Any CPU.Build.0 = Debug|Any CPU
		{BDF3AD55-553D-46C2-8ACC-E17510C6719C}.Release|Any CPU.ActiveCfg = Release|Any CPU
		{BDF3AD55-553D-46C2-8ACC-E17510C6719C}.Release|Any CPU.Build.0 = Release|Any CPU
	EndGlobalSection
	GlobalSection(SolutionProperties) = preSolution
		HideSolutionNode = FALSE
	EndGlobalSection
	GlobalSection(ExtensibilityGlobals) = postSolution
		SolutionGuid = {703FD236-3D09-46DA-8E03-2C0835C825C7}
	EndGlobalSection
EndGlobal
